// !$*UTF8*$!
{
	archiveVersion = 1;
	classes = {
	};
	objectVersion = 50;
	objects = {

/* Begin PBXBuildFile section */
		9A1380E02491268400FEB32E /* AppDelegate.swift in Sources */ = {isa = PBXBuildFile; fileRef = 9A1380DF2491268400FEB32E /* AppDelegate.swift */; };
		9A1380E22491268400FEB32E /* SceneDelegate.swift in Sources */ = {isa = PBXBuildFile; fileRef = 9A1380E12491268400FEB32E /* SceneDelegate.swift */; };
		9A1380E42491268400FEB32E /* FirstViewController.swift in Sources */ = {isa = PBXBuildFile; fileRef = 9A1380E32491268400FEB32E /* FirstViewController.swift */; };
		9A1380E62491268400FEB32E /* SecondViewController.swift in Sources */ = {isa = PBXBuildFile; fileRef = 9A1380E52491268400FEB32E /* SecondViewController.swift */; };
		9A1380E92491268400FEB32E /* Main.storyboard in Resources */ = {isa = PBXBuildFile; fileRef = 9A1380E72491268400FEB32E /* Main.storyboard */; };
		9A1380EC2491268400FEB32E /* BLM_App_tabs.xcdatamodeld in Sources */ = {isa = PBXBuildFile; fileRef = 9A1380EA2491268400FEB32E /* BLM_App_tabs.xcdatamodeld */; };
		9A1380EE2491268600FEB32E /* Assets.xcassets in Resources */ = {isa = PBXBuildFile; fileRef = 9A1380ED2491268600FEB32E /* Assets.xcassets */; };
		9A1380F12491268600FEB32E /* LaunchScreen.storyboard in Resources */ = {isa = PBXBuildFile; fileRef = 9A1380EF2491268600FEB32E /* LaunchScreen.storyboard */; };
		9A1380FB2492D38100FEB32E /* OnlineRespurceDocumentsViewController.swift in Sources */ = {isa = PBXBuildFile; fileRef = 9A1380FA2492D38000FEB32E /* OnlineRespurceDocumentsViewController.swift */; };
		9A1380FD2492EACC00FEB32E /* HowToAllyViewController.swift in Sources */ = {isa = PBXBuildFile; fileRef = 9A1380FC2492EACC00FEB32E /* HowToAllyViewController.swift */; };
		9A1380FF2492ECF500FEB32E /* YoutubeVideosViewController.swift in Sources */ = {isa = PBXBuildFile; fileRef = 9A1380FE2492ECF500FEB32E /* YoutubeVideosViewController.swift */; };
		9A1381012492F20300FEB32E /* voteViewController.swift in Sources */ = {isa = PBXBuildFile; fileRef = 9A1381002492F20300FEB32E /* voteViewController.swift */; };
		9A1381032492F39500FEB32E /* GeorgeViewController.swift in Sources */ = {isa = PBXBuildFile; fileRef = 9A1381022492F39500FEB32E /* GeorgeViewController.swift */; };
		9A1381052492F3B100FEB32E /* ArberyViewController.swift in Sources */ = {isa = PBXBuildFile; fileRef = 9A1381042492F3B100FEB32E /* ArberyViewController.swift */; };
/* End PBXBuildFile section */

/* Begin PBXFileReference section */
		9A1380DC2491268400FEB32E /* BLM_App_tabs.app */ = {isa = PBXFileReference; explicitFileType = wrapper.application; includeInIndex = 0; path = BLM_App_tabs.app; sourceTree = BUILT_PRODUCTS_DIR; };
		9A1380DF2491268400FEB32E /* AppDelegate.swift */ = {isa = PBXFileReference; lastKnownFileType = sourcecode.swift; path = AppDelegate.swift; sourceTree = "<group>"; };
		9A1380E12491268400FEB32E /* SceneDelegate.swift */ = {isa = PBXFileReference; lastKnownFileType = sourcecode.swift; path = SceneDelegate.swift; sourceTree = "<group>"; };
		9A1380E32491268400FEB32E /* FirstViewController.swift */ = {isa = PBXFileReference; lastKnownFileType = sourcecode.swift; path = FirstViewController.swift; sourceTree = "<group>"; };
		9A1380E52491268400FEB32E /* SecondViewController.swift */ = {isa = PBXFileReference; lastKnownFileType = sourcecode.swift; path = SecondViewController.swift; sourceTree = "<group>"; };
		9A1380E82491268400FEB32E /* Base */ = {isa = PBXFileReference; lastKnownFileType = file.storyboard; name = Base; path = Base.lproj/Main.storyboard; sourceTree = "<group>"; };
		9A1380EB2491268400FEB32E /* BLM_App_tabs.xcdatamodel */ = {isa = PBXFileReference; lastKnownFileType = wrapper.xcdatamodel; path = BLM_App_tabs.xcdatamodel; sourceTree = "<group>"; };
		9A1380ED2491268600FEB32E /* Assets.xcassets */ = {isa = PBXFileReference; lastKnownFileType = folder.assetcatalog; path = Assets.xcassets; sourceTree = "<group>"; };
		9A1380F02491268600FEB32E /* Base */ = {isa = PBXFileReference; lastKnownFileType = file.storyboard; name = Base; path = Base.lproj/LaunchScreen.storyboard; sourceTree = "<group>"; };
		9A1380F22491268600FEB32E /* Info.plist */ = {isa = PBXFileReference; lastKnownFileType = text.plist.xml; path = Info.plist; sourceTree = "<group>"; };
		9A1380FA2492D38000FEB32E /* OnlineRespurceDocumentsViewController.swift */ = {isa = PBXFileReference; lastKnownFileType = sourcecode.swift; path = OnlineRespurceDocumentsViewController.swift; sourceTree = "<group>"; };
		9A1380FC2492EACC00FEB32E /* HowToAllyViewController.swift */ = {isa = PBXFileReference; lastKnownFileType = sourcecode.swift; path = HowToAllyViewController.swift; sourceTree = "<group>"; };
		9A1380FE2492ECF500FEB32E /* YoutubeVideosViewController.swift */ = {isa = PBXFileReference; lastKnownFileType = sourcecode.swift; path = YoutubeVideosViewController.swift; sourceTree = "<group>"; };
		9A1381002492F20300FEB32E /* voteViewController.swift */ = {isa = PBXFileReference; lastKnownFileType = sourcecode.swift; path = voteViewController.swift; sourceTree = "<group>"; };
		9A1381022492F39500FEB32E /* GeorgeViewController.swift */ = {isa = PBXFileReference; lastKnownFileType = sourcecode.swift; path = GeorgeViewController.swift; sourceTree = "<group>"; };
		9A1381042492F3B100FEB32E /* ArberyViewController.swift */ = {isa = PBXFileReference; lastKnownFileType = sourcecode.swift; path = ArberyViewController.swift; sourceTree = "<group>"; };
/* End PBXFileReference section */

/* Begin PBXFrameworksBuildPhase section */
		9A1380D92491268400FEB32E /* Frameworks */ = {
			isa = PBXFrameworksBuildPhase;
			buildActionMask = 2147483647;
			files = (
			);
			runOnlyForDeploymentPostprocessing = 0;
		};
/* End PBXFrameworksBuildPhase section */

/* Begin PBXGroup section */
		9A1380D32491268400FEB32E = {
			isa = PBXGroup;
			children = (
				9A1380DE2491268400FEB32E /* BLM_App_tabs */,
				9A1380DD2491268400FEB32E /* Products */,
			);
			sourceTree = "<group>";
		};
		9A1380DD2491268400FEB32E /* Products */ = {
			isa = PBXGroup;
			children = (
				9A1380DC2491268400FEB32E /* BLM_App_tabs.app */,
			);
			name = Products;
			sourceTree = "<group>";
		};
		9A1380DE2491268400FEB32E /* BLM_App_tabs */ = {
			isa = PBXGroup;
			children = (
				9A1380DF2491268400FEB32E /* AppDelegate.swift */,
				9A1380E12491268400FEB32E /* SceneDelegate.swift */,
				9A1380E32491268400FEB32E /* FirstViewController.swift */,
				9A1380E52491268400FEB32E /* SecondViewController.swift */,
				9A1380E72491268400FEB32E /* Main.storyboard */,
				9A1380FA2492D38000FEB32E /* OnlineRespurceDocumentsViewController.swift */,
				9A1381022492F39500FEB32E /* GeorgeViewController.swift */,
				9A1381042492F3B100FEB32E /* ArberyViewController.swift */,
				9A1381002492F20300FEB32E /* voteViewController.swift */,
				9A1380FC2492EACC00FEB32E /* HowToAllyViewController.swift */,
				9A1380FE2492ECF500FEB32E /* YoutubeVideosViewController.swift */,
				9A1380ED2491268600FEB32E /* Assets.xcassets */,
				9A1380EF2491268600FEB32E /* LaunchScreen.storyboard */,
				9A1380F22491268600FEB32E /* Info.plist */,
				9A1380EA2491268400FEB32E /* BLM_App_tabs.xcdatamodeld */,
			);
			path = BLM_App_tabs;
			sourceTree = "<group>";
		};
/* End PBXGroup section */

/* Begin PBXNativeTarget section */
		9A1380DB2491268400FEB32E /* BLM_App_tabs */ = {
			isa = PBXNativeTarget;
			buildConfigurationList = 9A1380F52491268600FEB32E /* Build configuration list for PBXNativeTarget "BLM_App_tabs" */;
			buildPhases = (
				9A1380D82491268400FEB32E /* Sources */,
				9A1380D92491268400FEB32E /* Frameworks */,
				9A1380DA2491268400FEB32E /* Resources */,
			);
			buildRules = (
			);
			dependencies = (
			);
			name = BLM_App_tabs;
			productName = BLM_App_tabs;
			productReference = 9A1380DC2491268400FEB32E /* BLM_App_tabs.app */;
			productType = "com.apple.product-type.application";
		};
/* End PBXNativeTarget section */

/* Begin PBXProject section */
		9A1380D42491268400FEB32E /* Project object */ = {
			isa = PBXProject;
			attributes = {
				LastSwiftUpdateCheck = 1150;
				LastUpgradeCheck = 1150;
				ORGANIZATIONNAME = "Haley Sanchez";
				TargetAttributes = {
					9A1380DB2491268400FEB32E = {
						CreatedOnToolsVersion = 11.5;
					};
				};
			};
			buildConfigurationList = 9A1380D72491268400FEB32E /* Build configuration list for PBXProject "BLM_App_tabs" */;
			compatibilityVersion = "Xcode 9.3";
			developmentRegion = en;
			hasScannedForEncodings = 0;
			knownRegions = (
				en,
				Base,
			);
			mainGroup = 9A1380D32491268400FEB32E;
			productRefGroup = 9A1380DD2491268400FEB32E /* Products */;
			projectDirPath = "";
			projectRoot = "";
			targets = (
				9A1380DB2491268400FEB32E /* BLM_App_tabs */,
			);
		};
/* End PBXProject section */

/* Begin PBXResourcesBuildPhase section */
		9A1380DA2491268400FEB32E /* Resources */ = {
			isa = PBXResourcesBuildPhase;
			buildActionMask = 2147483647;
			files = (
				9A1380F12491268600FEB32E /* LaunchScreen.storyboard in Resources */,
				9A1380EE2491268600FEB32E /* Assets.xcassets in Resources */,
				9A1380E92491268400FEB32E /* Main.storyboard in Resources */,
			);
			runOnlyForDeploymentPostprocessing = 0;
		};
/* End PBXResourcesBuildPhase section */

/* Begin PBXSourcesBuildPhase section */
		9A1380D82491268400FEB32E /* Sources */ = {
			isa = PBXSourcesBuildPhase;
			buildActionMask = 2147483647;
			files = (
				9A1380FD2492EACC00FEB32E /* HowToAllyViewController.swift in Sources */,
				9A1381052492F3B100FEB32E /* ArberyViewController.swift in Sources */,
				9A1380EC2491268400FEB32E /* BLM_App_tabs.xcdatamodeld in Sources */,
				9A1380E62491268400FEB32E /* SecondViewController.swift in Sources */,
				9A1380E42491268400FEB32E /* FirstViewController.swift in Sources */,
				9A1381012492F20300FEB32E /* voteViewController.swift in Sources */,
				9A1381032492F39500FEB32E /* GeorgeViewController.swift in Sources */,
				9A1380E02491268400FEB32E /* AppDelegate.swift in Sources */,
				9A1380E22491268400FEB32E /* SceneDelegate.swift in Sources */,
				9A1380FF2492ECF500FEB32E /* YoutubeVideosViewController.swift in Sources */,
				9A1380FB2492D38100FEB32E /* OnlineRespurceDocumentsViewController.swift in Sources */,
			);
			runOnlyForDeploymentPostprocessing = 0;
		};
/* End PBXSourcesBuildPhase section */

/* Begin PBXVariantGroup section */
		9A1380E72491268400FEB32E /* Main.storyboard */ = {
			isa = PBXVariantGroup;
			children = (
				9A1380E82491268400FEB32E /* Base */,
			);
			name = Main.storyboard;
			sourceTree = "<group>";
		};
		9A1380EF2491268600FEB32E /* LaunchScreen.storyboard */ = {
			isa = PBXVariantGroup;
			children = (
				9A1380F02491268600FEB32E /* Base */,
			);
			name = LaunchScreen.storyboard;
			sourceTree = "<group>";
		};
/* End PBXVariantGroup section */

/* Begin XCBuildConfiguration section */
		9A1380F32491268600FEB32E /* Debug */ = {
			isa = XCBuildConfiguration;
			buildSettings = {
				ALWAYS_SEARCH_USER_PATHS = NO;
				CLANG_ANALYZER_NONNULL = YES;
				CLANG_ANALYZER_NUMBER_OBJECT_CONVERSION = YES_AGGRESSIVE;
				CLANG_CXX_LANGUAGE_STANDARD = "gnu++14";
				CLANG_CXX_LIBRARY = "libc++";
				CLANG_ENABLE_MODULES = YES;
				CLANG_ENABLE_OBJC_ARC = YES;
				CLANG_ENABLE_OBJC_WEAK = YES;
				CLANG_WARN_BLOCK_CAPTURE_AUTORELEASING = YES;
				CLANG_WARN_BOOL_CONVERSION = YES;
				CLANG_WARN_COMMA = YES;
				CLANG_WARN_CONSTANT_CONVERSION = YES;
				CLANG_WARN_DEPRECATED_OBJC_IMPLEMENTATIONS = YES;
				CLANG_WARN_DIRECT_OBJC_ISA_USAGE = YES_ERROR;
				CLANG_WARN_DOCUMENTATION_COMMENTS = YES;
				CLANG_WARN_EMPTY_BODY = YES;
				CLANG_WARN_ENUM_CONVERSION = YES;
				CLANG_WARN_INFINITE_RECURSION = YES;
				CLANG_WARN_INT_CONVERSION = YES;
				CLANG_WARN_NON_LITERAL_NULL_CONVERSION = YES;
				CLANG_WARN_OBJC_IMPLICIT_RETAIN_SELF = YES;
				CLANG_WARN_OBJC_LITERAL_CONVERSION = YES;
				CLANG_WARN_OBJC_ROOT_CLASS = YES_ERROR;
				CLANG_WARN_RANGE_LOOP_ANALYSIS = YES;
				CLANG_WARN_STRICT_PROTOTYPES = YES;
				CLANG_WARN_SUSPICIOUS_MOVE = YES;
				CLANG_WARN_UNGUARDED_AVAILABILITY = YES_AGGRESSIVE;
				CLANG_WARN_UNREACHABLE_CODE = YES;
				CLANG_WARN__DUPLICATE_METHOD_MATCH = YES;
				COPY_PHASE_STRIP = NO;
				DEBUG_INFORMATION_FORMAT = dwarf;
				ENABLE_STRICT_OBJC_MSGSEND = YES;
				ENABLE_TESTABILITY = YES;
				GCC_C_LANGUAGE_STANDARD = gnu11;
				GCC_DYNAMIC_NO_PIC = NO;
				GCC_NO_COMMON_BLOCKS = YES;
				GCC_OPTIMIZATION_LEVEL = 0;
				GCC_PREPROCESSOR_DEFINITIONS = (
					"DEBUG=1",
					"$(inherited)",
				);
				GCC_WARN_64_TO_32_BIT_CONVERSION = YES;
				GCC_WARN_ABOUT_RETURN_TYPE = YES_ERROR;
				GCC_WARN_UNDECLARED_SELECTOR = YES;
				GCC_WARN_UNINITIALIZED_AUTOS = YES_AGGRESSIVE;
				GCC_WARN_UNUSED_FUNCTION = YES;
				GCC_WARN_UNUSED_VARIABLE = YES;
				IPHONEOS_DEPLOYMENT_TARGET = 13.5;
				MTL_ENABLE_DEBUG_INFO = INCLUDE_SOURCE;
				MTL_FAST_MATH = YES;
				ONLY_ACTIVE_ARCH = YES;
				SDKROOT = iphoneos;
				SWIFT_ACTIVE_COMPILATION_CONDITIONS = DEBUG;
				SWIFT_OPTIMIZATION_LEVEL = "-Onone";
			};
			name = Debug;
		};
		9A1380F42491268600FEB32E /* Release */ = {
			isa = XCBuildConfiguration;
			buildSettings = {
				ALWAYS_SEARCH_USER_PATHS = NO;
				CLANG_ANALYZER_NONNULL = YES;
				CLANG_ANALYZER_NUMBER_OBJECT_CONVERSION = YES_AGGRESSIVE;
				CLANG_CXX_LANGUAGE_STANDARD = "gnu++14";
				CLANG_CXX_LIBRARY = "libc++";
				CLANG_ENABLE_MODULES = YES;
				CLANG_ENABLE_OBJC_ARC = YES;
				CLANG_ENABLE_OBJC_WEAK = YES;
				CLANG_WARN_BLOCK_CAPTURE_AUTORELEASING = YES;
				CLANG_WARN_BOOL_CONVERSION = YES;
				CLANG_WARN_COMMA = YES;
				CLANG_WARN_CONSTANT_CONVERSION = YES;
				CLANG_WARN_DEPRECATED_OBJC_IMPLEMENTATIONS = YES;
				CLANG_WARN_DIRECT_OBJC_ISA_USAGE = YES_ERROR;
				CLANG_WARN_DOCUMENTATION_COMMENTS = YES;
				CLANG_WARN_EMPTY_BODY = YES;
				CLANG_WARN_ENUM_CONVERSION = YES;
				CLANG_WARN_INFINITE_RECURSION = YES;
				CLANG_WARN_INT_CONVERSION = YES;
				CLANG_WARN_NON_LITERAL_NULL_CONVERSION = YES;
				CLANG_WARN_OBJC_IMPLICIT_RETAIN_SELF = YES;
				CLANG_WARN_OBJC_LITERAL_CONVERSION = YES;
				CLANG_WARN_OBJC_ROOT_CLASS = YES_ERROR;
				CLANG_WARN_RANGE_LOOP_ANALYSIS = YES;
				CLANG_WARN_STRICT_PROTOTYPES = YES;
				CLANG_WARN_SUSPICIOUS_MOVE = YES;
				CLANG_WARN_UNGUARDED_AVAILABILITY = YES_AGGRESSIVE;
				CLANG_WARN_UNREACHABLE_CODE = YES;
				CLANG_WARN__DUPLICATE_METHOD_MATCH = YES;
				COPY_PHASE_STRIP = NO;
				DEBUG_INFORMATION_FORMAT = "dwarf-with-dsym";
				ENABLE_NS_ASSERTIONS = NO;
				ENABLE_STRICT_OBJC_MSGSEND = YES;
				GCC_C_LANGUAGE_STANDARD = gnu11;
				GCC_NO_COMMON_BLOCKS = YES;
				GCC_WARN_64_TO_32_BIT_CONVERSION = YES;
				GCC_WARN_ABOUT_RETURN_TYPE = YES_ERROR;
				GCC_WARN_UNDECLARED_SELECTOR = YES;
				GCC_WARN_UNINITIALIZED_AUTOS = YES_AGGRESSIVE;
				GCC_WARN_UNUSED_FUNCTION = YES;
				GCC_WARN_UNUSED_VARIABLE = YES;
				IPHONEOS_DEPLOYMENT_TARGET = 13.5;
				MTL_ENABLE_DEBUG_INFO = NO;
				MTL_FAST_MATH = YES;
				SDKROOT = iphoneos;
				SWIFT_COMPILATION_MODE = wholemodule;
				SWIFT_OPTIMIZATION_LEVEL = "-O";
				VALIDATE_PRODUCT = YES;
			};
			name = Release;
		};
		9A1380F62491268600FEB32E /* Debug */ = {
			isa = XCBuildConfiguration;
			buildSettings = {
				ASSETCATALOG_COMPILER_APPICON_NAME = AppIcon;
				CODE_SIGN_STYLE = Automatic;
				DEVELOPMENT_TEAM = L6553YYZR6;
				INFOPLIST_FILE = BLM_App_tabs/Info.plist;
				LD_RUNPATH_SEARCH_PATHS = (
					"$(inherited)",
					"@executable_path/Frameworks",
				);
				PRODUCT_BUNDLE_IDENTIFIER = "KWK.BLM-App-tabs";
				PRODUCT_NAME = "$(TARGET_NAME)";
				SWIFT_VERSION = 5.0;
				TARGETED_DEVICE_FAMILY = "1,2";
			};
			name = Debug;
		};
		9A1380F72491268600FEB32E /* Release */ = {
			isa = XCBuildConfiguration;
			buildSettings = {
				ASSETCATALOG_COMPILER_APPICON_NAME = AppIcon;
				CODE_SIGN_STYLE = Automatic;
				DEVELOPMENT_TEAM = L6553YYZR6;
				INFOPLIST_FILE = BLM_App_tabs/Info.plist;
				LD_RUNPATH_SEARCH_PATHS = (
					"$(inherited)",
					"@executable_path/Frameworks",
				);
				PRODUCT_BUNDLE_IDENTIFIER = "KWK.BLM-App-tabs";
				PRODUCT_NAME = "$(TARGET_NAME)";
				SWIFT_VERSION = 5.0;
				TARGETED_DEVICE_FAMILY = "1,2";
			};
			name = Release;
		};
/* End XCBuildConfiguration section */

/* Begin XCConfigurationList section */
		9A1380D72491268400FEB32E /* Build configuration list for PBXProject "BLM_App_tabs" */ = {
			isa = XCConfigurationList;
			buildConfigurations = (
				9A1380F32491268600FEB32E /* Debug */,
				9A1380F42491268600FEB32E /* Release */,
			);
			defaultConfigurationIsVisible = 0;
			defaultConfigurationName = Release;
		};
		9A1380F52491268600FEB32E /* Build configuration list for PBXNativeTarget "BLM_App_tabs" */ = {
			isa = XCConfigurationList;
			buildConfigurations = (
				9A1380F62491268600FEB32E /* Debug */,
				9A1380F72491268600FEB32E /* Release */,
			);
			defaultConfigurationIsVisible = 0;
			defaultConfigurationName = Release;
		};
/* End XCConfigurationList section */

/* Begin XCVersionGroup section */
		9A1380EA2491268400FEB32E /* BLM_App_tabs.xcdatamodeld */ = {
			isa = XCVersionGroup;
			children = (
				9A1380EB2491268400FEB32E /* BLM_App_tabs.xcdatamodel */,
			);
			currentVersion = 9A1380EB2491268400FEB32E /* BLM_App_tabs.xcdatamodel */;
			path = BLM_App_tabs.xcdatamodeld;
			sourceTree = "<group>";
			versionGroupType = wrapper.xcdatamodel;
		};
/* End XCVersionGroup section */
	};
	rootObject = 9A1380D42491268400FEB32E /* Project object */;
}
